{
  "version": 4,
  "terraform_version": "1.9.0",
  "serial": 1,
  "lineage": "88db53d4-8941-1087-8eee-b3c1b8905fd5",
  "outputs": {},
  "resources": [
    {
      "mode": "managed",
      "type": "snowflake_warehouse",
      "name": "crm_gb_wh",
      "provider": "provider[\"registry.terraform.io/snowflake-labs/snowflake\"]",
      "instances": [
        {
          "schema_version": 0,
          "attributes": {
            "auto_resume": true,
            "auto_suspend": 60,
            "comment": "Managed by Terraform - Single shared X-Small compute node for the CRM team.",
            "enable_query_acceleration": false,
            "id": "CRM_GB_WH",
            "initially_suspended": null,
            "max_cluster_count": 1,
            "max_concurrency_level": 8,
            "min_cluster_count": 1,
            "name": "CRM_GB_WH",
            "query_acceleration_max_scale_factor": 8,
            "resource_monitor": "null",
            "scaling_policy": "STANDARD",
            "statement_queued_timeout_in_seconds": 0,
            "statement_timeout_in_seconds": 172800,
            "wait_for_provisioning": null,
            "warehouse_size": "XSMALL",
            "warehouse_type": "STANDARD"
          },
          "sensitive_attributes": [],
          "private": "bnVsbA=="
        }
      ]
    }
  ],
  "check_results": null
}
