{
  "version": 4,
  "terraform_version": "1.9.0",
  "serial": 8,
  "lineage": "c7274cc5-e213-52d3-f3c5-1c6b965b5440",
  "outputs": {},
  "resources": [
    {
      "module": "module.workspace_database",
      "mode": "managed",
      "type": "snowflake_database",
      "name": "env_db",
      "provider": "provider[\"registry.terraform.io/snowflake-labs/snowflake\"]",
      "instances": [
        {
          "schema_version": 0,
          "attributes": {
            "comment": "Managed by Terraform - Centralized database instance for the prod track.",
            "data_retention_time_in_days": -1,
            "from_database": null,
            "from_replica": null,
            "from_share": null,
            "id": "PROD_DB",
            "is_transient": false,
            "name": "PROD_DB",
            "replication_configuration": []
          },
          "sensitive_attributes": [],
          "private": "bnVsbA=="
        }
      ]
    },
    {
      "module": "module.workspace_database",
      "mode": "managed",
      "type": "snowflake_schema",
      "name": "testing",
      "provider": "provider[\"registry.terraform.io/snowflake-labs/snowflake\"]",
      "instances": [
        {
          "schema_version": 0,
          "attributes": {
            "comment": "Managed by Terraform - Postgres schema layer for prod.",
            "data_retention_days": -1,
            "database": "PROD_DB",
            "id": "PROD_DB|testing",
            "is_managed": false,
            "is_transient": false,
            "name": "testing",
            "tag": []
          },
          "sensitive_attributes": [],
          "private": "bnVsbA==",
          "dependencies": [
            "module.workspace_database.snowflake_database.env_db"
          ]
        }
      ]
    },
    {
      "module": "module.workspace_database",
      "mode": "managed",
      "type": "snowflake_table",
      "name": "sales_table",
      "provider": "provider[\"registry.terraform.io/snowflake-labs/snowflake\"]",
      "instances": [
        {
          "schema_version": 0,
          "attributes": {
            "change_tracking": false,
            "cluster_by": null,
            "column": [
              {
                "collate": "",
                "comment": "",
                "default": [],
                "identity": [],
                "masking_policy": "",
                "name": "TRANSACTION_ID",
                "nullable": true,
                "type": "NUMBER(38,0)"
              },
              {
                "collate": "",
                "comment": "",
                "default": [],
                "identity": [],
                "masking_policy": "",
                "name": "AMOUNT",
                "nullable": true,
                "type": "NUMBER(38,2)"
              },
              {
                "collate": "",
                "comment": "",
                "default": [],
                "identity": [],
                "masking_policy": "",
                "name": "PURCHASED_AT",
                "nullable": true,
                "type": "TIMESTAMP_NTZ(9)"
              }
            ],
            "comment": "Managed by Terraform - Random sales transactional matrix for prod.",
            "data_retention_time_in_days": -1,
            "database": "PROD_DB",
            "id": "PROD_DB|testing|SALES",
            "name": "SALES",
            "owner": "ACCOUNTADMIN",
            "primary_key": [],
            "qualified_name": "\"PROD_DB\".\"testing\".\"SALES\"",
            "schema": "testing",
            "tag": []
          },
          "sensitive_attributes": [],
          "private": "bnVsbA==",
          "dependencies": [
            "module.workspace_database.snowflake_database.env_db",
            "module.workspace_database.snowflake_schema.testing"
          ]
        }
      ]
    },
    {
      "module": "module.workspace_database",
      "mode": "managed",
      "type": "snowflake_table",
      "name": "users_table",
      "provider": "provider[\"registry.terraform.io/snowflake-labs/snowflake\"]",
      "instances": [
        {
          "schema_version": 0,
          "attributes": {
            "change_tracking": false,
            "cluster_by": null,
            "column": [
              {
                "collate": "",
                "comment": "",
                "default": [],
                "identity": [],
                "masking_policy": "",
                "name": "USER_ID",
                "nullable": true,
                "type": "NUMBER(38,0)"
              },
              {
                "collate": "",
                "comment": "",
                "default": [],
                "identity": [],
                "masking_policy": "",
                "name": "USERNAME",
                "nullable": true,
                "type": "VARCHAR(16777216)"
              },
              {
                "collate": "",
                "comment": "",
                "default": [],
                "identity": [],
                "masking_policy": "",
                "name": "CREATED_AT",
                "nullable": true,
                "type": "TIMESTAMP_NTZ(9)"
              }
            ],
            "comment": "Managed by Terraform - Random user tracking matrix for prod.",
            "data_retention_time_in_days": -1,
            "database": "PROD_DB",
            "id": "PROD_DB|testing|USERS",
            "name": "USERS",
            "owner": "ACCOUNTADMIN",
            "primary_key": [],
            "qualified_name": "\"PROD_DB\".\"testing\".\"USERS\"",
            "schema": "testing",
            "tag": []
          },
          "sensitive_attributes": [],
          "private": "bnVsbA==",
          "dependencies": [
            "module.workspace_database.snowflake_database.env_db",
            "module.workspace_database.snowflake_schema.testing"
          ]
        }
      ]
    },
    {
      "module": "module.workspace_database",
      "mode": "managed",
      "type": "snowflake_warehouse",
      "name": "data_science_wh",
      "provider": "provider[\"registry.terraform.io/snowflake-labs/snowflake\"]",
      "instances": [
        {
          "schema_version": 0,
          "attributes": {
            "auto_resume": true,
            "auto_suspend": 60,
            "comment": "Managed by Terraform - Compute warehouse cluster for prod.",
            "enable_query_acceleration": false,
            "id": "PROD_DATA_SCIENCE_WH",
            "initially_suspended": null,
            "max_cluster_count": 1,
            "max_concurrency_level": 8,
            "min_cluster_count": 1,
            "name": "PROD_DATA_SCIENCE_WH",
            "query_acceleration_max_scale_factor": 8,
            "resource_monitor": "null",
            "scaling_policy": "STANDARD",
            "statement_queued_timeout_in_seconds": 0,
            "statement_timeout_in_seconds": 172800,
            "wait_for_provisioning": null,
            "warehouse_size": "MEDIUM",
            "warehouse_type": "STANDARD"
          },
          "sensitive_attributes": [],
          "private": "bnVsbA=="
        }
      ]
    },
    {
      "module": "module.workspace_database",
      "mode": "managed",
      "type": "snowflake_warehouse",
      "name": "env_wh",
      "provider": "provider[\"registry.terraform.io/snowflake-labs/snowflake\"]",
      "instances": [
        {
          "schema_version": 0,
          "attributes": {
            "auto_resume": true,
            "auto_suspend": 60,
            "comment": "Managed by Terraform - Compute warehouse cluster for prod.",
            "enable_query_acceleration": false,
            "id": "PROD_WH",
            "initially_suspended": null,
            "max_cluster_count": 1,
            "max_concurrency_level": 8,
            "min_cluster_count": 1,
            "name": "PROD_WH",
            "query_acceleration_max_scale_factor": 8,
            "resource_monitor": "null",
            "scaling_policy": "STANDARD",
            "statement_queued_timeout_in_seconds": 0,
            "statement_timeout_in_seconds": 172800,
            "wait_for_provisioning": null,
            "warehouse_size": "XSMALL",
            "warehouse_type": "STANDARD"
          },
          "sensitive_attributes": [],
          "private": "bnVsbA=="
        }
      ]
    },
    {
      "module": "module.workspace_database",
      "mode": "managed",
      "type": "snowflake_warehouse",
      "name": "hr_analyst_wh",
      "provider": "provider[\"registry.terraform.io/snowflake-labs/snowflake\"]",
      "instances": [
        {
          "schema_version": 0,
          "attributes": {
            "auto_resume": true,
            "auto_suspend": 60,
            "comment": "Managed by Terraform - Compute warehouse cluster for prod.",
            "enable_query_acceleration": false,
            "id": "PROD_HR_ANALYST_WH",
            "initially_suspended": null,
            "max_cluster_count": 1,
            "max_concurrency_level": 8,
            "min_cluster_count": 1,
            "name": "PROD_HR_ANALYST_WH",
            "query_acceleration_max_scale_factor": 8,
            "resource_monitor": "null",
            "scaling_policy": "STANDARD",
            "statement_queued_timeout_in_seconds": 0,
            "statement_timeout_in_seconds": 172800,
            "wait_for_provisioning": null,
            "warehouse_size": "XSMALL",
            "warehouse_type": "STANDARD"
          },
          "sensitive_attributes": [],
          "private": "bnVsbA=="
        }
      ]
    }
  ],
  "check_results": null
}
