{
  "version": 4,
  "terraform_version": "1.9.0",
  "serial": 17,
  "lineage": "7958afbf-0afb-ef4e-7924-eb210596a2ad",
  "outputs": {},
  "resources": [
    {
      "module": "module.workspace_database",
      "mode": "managed",
      "type": "snowflake_database",
      "name": "env_db",
      "provider": "provider[\"registry.terraform.io/snowflake-labs/snowflake\"]",
      "instances": [
        {
          "schema_version": 0,
          "attributes": {
            "comment": "Managed by Terraform - Centralized database instance for the dev track.",
            "data_retention_time_in_days": -1,
            "from_database": null,
            "from_replica": null,
            "from_share": null,
            "id": "DEV_DB",
            "is_transient": false,
            "name": "DEV_DB",
            "replication_configuration": []
          },
          "sensitive_attributes": [],
          "private": "bnVsbA=="
        }
      ]
    },
    {
      "module": "module.workspace_database",
      "mode": "managed",
      "type": "snowflake_schema",
      "name": "testing",
      "provider": "provider[\"registry.terraform.io/snowflake-labs/snowflake\"]",
      "instances": [
        {
          "schema_version": 0,
          "attributes": {
            "comment": "Managed by Terraform - Postgres schema layer for dev.",
            "data_retention_days": -1,
            "database": "DEV_DB",
            "id": "DEV_DB|testing",
            "is_managed": false,
            "is_transient": false,
            "name": "testing",
            "tag": []
          },
          "sensitive_attributes": [],
          "private": "bnVsbA==",
          "dependencies": [
            "module.workspace_database.snowflake_database.env_db"
          ]
        }
      ]
    },
    {
      "module": "module.workspace_database",
      "mode": "managed",
      "type": "snowflake_table",
      "name": "sales_table",
      "provider": "provider[\"registry.terraform.io/snowflake-labs/snowflake\"]",
      "instances": [
        {
          "schema_version": 0,
          "attributes": {
            "change_tracking": false,
            "cluster_by": null,
            "column": [
              {
                "collate": "",
                "comment": "",
                "default": [],
                "identity": [],
                "masking_policy": "",
                "name": "TRANSACTION_ID",
                "nullable": true,
                "type": "NUMBER(38,0)"
              },
              {
                "collate": "",
                "comment": "",
                "default": [],
                "identity": [],
                "masking_policy": "",
                "name": "AMOUNT",
                "nullable": true,
                "type": "NUMBER(38,2)"
              },
              {
                "collate": "",
                "comment": "",
                "default": [],
                "identity": [],
                "masking_policy": "",
                "name": "PURCHASED_AT",
                "nullable": true,
                "type": "TIMESTAMP_NTZ(9)"
              }
            ],
            "comment": "Managed by Terraform - Random sales transactional matrix for dev.",
            "data_retention_time_in_days": -1,
            "database": "DEV_DB",
            "id": "DEV_DB|testing|SALES",
            "name": "SALES",
            "owner": "ACCOUNTADMIN",
            "primary_key": [],
            "qualified_name": "\"DEV_DB\".\"testing\".\"SALES\"",
            "schema": "testing",
            "tag": []
          },
          "sensitive_attributes": [],
          "private": "bnVsbA==",
          "dependencies": [
            "module.workspace_database.snowflake_database.env_db",
            "module.workspace_database.snowflake_schema.testing"
          ]
        }
      ]
    },
    {
      "module": "module.workspace_database",
      "mode": "managed",
      "type": "snowflake_table",
      "name": "users_table",
      "provider": "provider[\"registry.terraform.io/snowflake-labs/snowflake\"]",
      "instances": [
        {
          "schema_version": 0,
          "attributes": {
            "change_tracking": false,
            "cluster_by": null,
            "column": [
              {
                "collate": "",
                "comment": "",
                "default": [],
                "identity": [],
                "masking_policy": "",
                "name": "USER_ID",
                "nullable": true,
                "type": "NUMBER(38,0)"
              },
              {
                "collate": "",
                "comment": "",
                "default": [],
                "identity": [],
                "masking_policy": "",
                "name": "USERNAME",
                "nullable": true,
                "type": "VARCHAR(16777216)"
              },
              {
                "collate": "",
                "comment": "",
                "default": [],
                "identity": [],
                "masking_policy": "",
                "name": "CREATED_AT",
                "nullable": true,
                "type": "TIMESTAMP_NTZ(9)"
              }
            ],
            "comment": "Managed by Terraform - Random user tracking matrix for dev.",
            "data_retention_time_in_days": -1,
            "database": "DEV_DB",
            "id": "DEV_DB|testing|USERS",
            "name": "USERS",
            "owner": "ACCOUNTADMIN",
            "primary_key": [],
            "qualified_name": "\"DEV_DB\".\"testing\".\"USERS\"",
            "schema": "testing",
            "tag": []
          },
          "sensitive_attributes": [],
          "private": "bnVsbA==",
          "dependencies": [
            "module.workspace_database.snowflake_database.env_db",
            "module.workspace_database.snowflake_schema.testing"
          ]
        }
      ]
    }
  ],
  "check_results": null
}
